// !$*UTF8*$!
{
	archiveVersion = 1;
	classes = {
	};
	objectVersion = 56;
	objects = {

/* Begin PBXBuildFile section */
		4332E9CF2B4C340900AA141C /* ProfileView.swift in Sources */ = {isa = PBXBuildFile; fileRef = 4332E9CE2B4C340900AA141C /* ProfileView.swift */; };
		4332E9D12B4C417900AA141C /* WishlistView.swift in Sources */ = {isa = PBXBuildFile; fileRef = 4332E9D02B4C417900AA141C /* WishlistView.swift */; };
		4332E9D32B4C42C400AA141C /* BottomNavView.swift in Sources */ = {isa = PBXBuildFile; fileRef = 4332E9D22B4C42C400AA141C /* BottomNavView.swift */; };
		4332E9D62B4C484300AA141C /* README.md in Resources */ = {isa = PBXBuildFile; fileRef = 4332E9D52B4C484300AA141C /* README.md */; };
		435496172B48047300C6B296 /* SearchView.swift in Sources */ = {isa = PBXBuildFile; fileRef = 435496162B48047300C6B296 /* SearchView.swift */; };
		439D5B692B4C498F00116470 /* Listing.swift in Sources */ = {isa = PBXBuildFile; fileRef = 439D5B682B4C498F00116470 /* Listing.swift */; };
		439D5B6B2B4C523800116470 /* ExploreViewModel.swift in Sources */ = {isa = PBXBuildFile; fileRef = 439D5B6A2B4C523800116470 /* ExploreViewModel.swift */; };
		439D5B6E2B4C52C000116470 /* ExploreService.swift in Sources */ = {isa = PBXBuildFile; fileRef = 439D5B6D2B4C52C000116470 /* ExploreService.swift */; };
		43E1ED9A2B474B8700DF0978 /* airbnbApp.swift in Sources */ = {isa = PBXBuildFile; fileRef = 43E1ED992B474B8700DF0978 /* airbnbApp.swift */; };
		43E1ED9C2B474B8700DF0978 /* ContentView.swift in Sources */ = {isa = PBXBuildFile; fileRef = 43E1ED9B2B474B8700DF0978 /* ContentView.swift */; };
		43E1ED9E2B474B8900DF0978 /* Assets.xcassets in Resources */ = {isa = PBXBuildFile; fileRef = 43E1ED9D2B474B8900DF0978 /* Assets.xcassets */; };
		43E1EDA12B474B8900DF0978 /* Preview Assets.xcassets in Resources */ = {isa = PBXBuildFile; fileRef = 43E1EDA02B474B8900DF0978 /* Preview Assets.xcassets */; };
		43E1EDB12B474D0500DF0978 /* ExploreView.swift in Sources */ = {isa = PBXBuildFile; fileRef = 43E1EDB02B474D0500DF0978 /* ExploreView.swift */; };
		43E1EDB42B474E2500DF0978 /* ListingItem.swift in Sources */ = {isa = PBXBuildFile; fileRef = 43E1EDB32B474E2500DF0978 /* ListingItem.swift */; };
		43E1EDB82B47564600DF0978 /* SearchBar.swift in Sources */ = {isa = PBXBuildFile; fileRef = 43E1EDB72B47564600DF0978 /* SearchBar.swift */; };
		43E1EDBA2B475ADD00DF0978 /* ListingDetailView.swift in Sources */ = {isa = PBXBuildFile; fileRef = 43E1EDB92B475ADD00DF0978 /* ListingDetailView.swift */; };
		43E1EDBC2B475B9B00DF0978 /* ListingCarousel.swift in Sources */ = {isa = PBXBuildFile; fileRef = 43E1EDBB2B475B9B00DF0978 /* ListingCarousel.swift */; };
/* End PBXBuildFile section */

/* Begin PBXFileReference section */
		4332E9CE2B4C340900AA141C /* ProfileView.swift */ = {isa = PBXFileReference; lastKnownFileType = sourcecode.swift; path = ProfileView.swift; sourceTree = "<group>"; };
		4332E9D02B4C417900AA141C /* WishlistView.swift */ = {isa = PBXFileReference; lastKnownFileType = sourcecode.swift; path = WishlistView.swift; sourceTree = "<group>"; };
		4332E9D22B4C42C400AA141C /* BottomNavView.swift */ = {isa = PBXFileReference; lastKnownFileType = sourcecode.swift; path = BottomNavView.swift; sourceTree = "<group>"; };
		4332E9D52B4C484300AA141C /* README.md */ = {isa = PBXFileReference; fileEncoding = 4; lastKnownFileType = net.daringfireball.markdown; path = README.md; sourceTree = "<group>"; };
		435496162B48047300C6B296 /* SearchView.swift */ = {isa = PBXFileReference; lastKnownFileType = sourcecode.swift; path = SearchView.swift; sourceTree = "<group>"; };
		439D5B682B4C498F00116470 /* Listing.swift */ = {isa = PBXFileReference; lastKnownFileType = sourcecode.swift; path = Listing.swift; sourceTree = "<group>"; };
		439D5B6A2B4C523800116470 /* ExploreViewModel.swift */ = {isa = PBXFileReference; lastKnownFileType = sourcecode.swift; path = ExploreViewModel.swift; sourceTree = "<group>"; };
		439D5B6D2B4C52C000116470 /* ExploreService.swift */ = {isa = PBXFileReference; lastKnownFileType = sourcecode.swift; path = ExploreService.swift; sourceTree = "<group>"; };
		43E1ED962B474B8700DF0978 /* airbnb.app */ = {isa = PBXFileReference; explicitFileType = wrapper.application; includeInIndex = 0; path = airbnb.app; sourceTree = BUILT_PRODUCTS_DIR; };
		43E1ED992B474B8700DF0978 /* airbnbApp.swift */ = {isa = PBXFileReference; lastKnownFileType = sourcecode.swift; path = airbnbApp.swift; sourceTree = "<group>"; };
		43E1ED9B2B474B8700DF0978 /* ContentView.swift */ = {isa = PBXFileReference; lastKnownFileType = sourcecode.swift; path = ContentView.swift; sourceTree = "<group>"; };
		43E1ED9D2B474B8900DF0978 /* Assets.xcassets */ = {isa = PBXFileReference; lastKnownFileType = folder.assetcatalog; path = Assets.xcassets; sourceTree = "<group>"; };
		43E1EDA02B474B8900DF0978 /* Preview Assets.xcassets */ = {isa = PBXFileReference; lastKnownFileType = folder.assetcatalog; path = "Preview Assets.xcassets"; sourceTree = "<group>"; };
		43E1EDB02B474D0500DF0978 /* ExploreView.swift */ = {isa = PBXFileReference; lastKnownFileType = sourcecode.swift; path = ExploreView.swift; sourceTree = "<group>"; };
		43E1EDB32B474E2500DF0978 /* ListingItem.swift */ = {isa = PBXFileReference; lastKnownFileType = sourcecode.swift; path = ListingItem.swift; sourceTree = "<group>"; };
		43E1EDB72B47564600DF0978 /* SearchBar.swift */ = {isa = PBXFileReference; lastKnownFileType = sourcecode.swift; path = SearchBar.swift; sourceTree = "<group>"; };
		43E1EDB92B475ADD00DF0978 /* ListingDetailView.swift */ = {isa = PBXFileReference; lastKnownFileType = sourcecode.swift; path = ListingDetailView.swift; sourceTree = "<group>"; };
		43E1EDBB2B475B9B00DF0978 /* ListingCarousel.swift */ = {isa = PBXFileReference; lastKnownFileType = sourcecode.swift; path = ListingCarousel.swift; sourceTree = "<group>"; };
/* End PBXFileReference section */

/* Begin PBXFrameworksBuildPhase section */
		43E1ED932B474B8700DF0978 /* Frameworks */ = {
			isa = PBXFrameworksBuildPhase;
			buildActionMask = 2147483647;
			files = (
			);
			runOnlyForDeploymentPostprocessing = 0;
		};
/* End PBXFrameworksBuildPhase section */

/* Begin PBXGroup section */
		4332E9D42B4C43F700AA141C /* TabBar */ = {
			isa = PBXGroup;
			children = (
				4332E9D22B4C42C400AA141C /* BottomNavView.swift */,
			);
			path = TabBar;
			sourceTree = "<group>";
		};
		439D5B6C2B4C52AF00116470 /* Service */ = {
			isa = PBXGroup;
			children = (
				439D5B6D2B4C52C000116470 /* ExploreService.swift */,
			);
			path = Service;
			sourceTree = "<group>";
		};
		43E1ED8D2B474B8700DF0978 = {
			isa = PBXGroup;
			children = (
				4332E9D52B4C484300AA141C /* README.md */,
				43E1ED982B474B8700DF0978 /* airbnb */,
				43E1ED972B474B8700DF0978 /* Products */,
			);
			sourceTree = "<group>";
		};
		43E1ED972B474B8700DF0978 /* Products */ = {
			isa = PBXGroup;
			children = (
				43E1ED962B474B8700DF0978 /* airbnb.app */,
			);
			name = Products;
			sourceTree = "<group>";
		};
		43E1ED982B474B8700DF0978 /* airbnb */ = {
			isa = PBXGroup;
			children = (
				439D5B6C2B4C52AF00116470 /* Service */,
				43E1EDAB2B474CA000DF0978 /* ViewModel */,
				43E1EDA82B474C5600DF0978 /* Extensions */,
				43E1EDAA2B474C8900DF0978 /* Models */,
				43E1EDA72B474C3600DF0978 /* Views */,
				43E1EDA92B474C6300DF0978 /* Utils */,
				43E1ED992B474B8700DF0978 /* airbnbApp.swift */,
				43E1ED9B2B474B8700DF0978 /* ContentView.swift */,
				43E1ED9D2B474B8900DF0978 /* Assets.xcassets */,
				43E1ED9F2B474B8900DF0978 /* Preview Content */,
			);
			path = airbnb;
			sourceTree = "<group>";
		};
		43E1ED9F2B474B8900DF0978 /* Preview Content */ = {
			isa = PBXGroup;
			children = (
				43E1EDA02B474B8900DF0978 /* Preview Assets.xcassets */,
			);
			path = "Preview Content";
			sourceTree = "<group>";
		};
		43E1EDA72B474C3600DF0978 /* Views */ = {
			isa = PBXGroup;
			children = (
				4332E9D42B4C43F700AA141C /* TabBar */,
				43E1EDAF2B474CED00DF0978 /* Search */,
				43E1EDAE2B474CE400DF0978 /* Profile */,
				43E1EDAC2B474CD000DF0978 /* Explore */,
				43E1EDAD2B474CD600DF0978 /* Wishlist */,
			);
			path = Views;
			sourceTree = "<group>";
		};
		43E1EDA82B474C5600DF0978 /* Extensions */ = {
			isa = PBXGroup;
			children = (
			);
			path = Extensions;
			sourceTree = "<group>";
		};
		43E1EDA92B474C6300DF0978 /* Utils */ = {
			isa = PBXGroup;
			children = (
			);
			path = Utils;
			sourceTree = "<group>";
		};
		43E1EDAA2B474C8900DF0978 /* Models */ = {
			isa = PBXGroup;
			children = (
				439D5B682B4C498F00116470 /* Listing.swift */,
			);
			path = Models;
			sourceTree = "<group>";
		};
		43E1EDAB2B474CA000DF0978 /* ViewModel */ = {
			isa = PBXGroup;
			children = (
				439D5B6A2B4C523800116470 /* ExploreViewModel.swift */,
			);
			path = ViewModel;
			sourceTree = "<group>";
		};
		43E1EDAC2B474CD000DF0978 /* Explore */ = {
			isa = PBXGroup;
			children = (
				43E1EDB22B474E0E00DF0978 /* Components */,
				43E1EDB02B474D0500DF0978 /* ExploreView.swift */,
				43E1EDB92B475ADD00DF0978 /* ListingDetailView.swift */,
			);
			path = Explore;
			sourceTree = "<group>";
		};
		43E1EDAD2B474CD600DF0978 /* Wishlist */ = {
			isa = PBXGroup;
			children = (
				4332E9D02B4C417900AA141C /* WishlistView.swift */,
			);
			path = Wishlist;
			sourceTree = "<group>";
		};
		43E1EDAE2B474CE400DF0978 /* Profile */ = {
			isa = PBXGroup;
			children = (
				4332E9CE2B4C340900AA141C /* ProfileView.swift */,
			);
			path = Profile;
			sourceTree = "<group>";
		};
		43E1EDAF2B474CED00DF0978 /* Search */ = {
			isa = PBXGroup;
			children = (
				435496162B48047300C6B296 /* SearchView.swift */,
			);
			path = Search;
			sourceTree = "<group>";
		};
		43E1EDB22B474E0E00DF0978 /* Components */ = {
			isa = PBXGroup;
			children = (
				43E1EDB32B474E2500DF0978 /* ListingItem.swift */,
				43E1EDB72B47564600DF0978 /* SearchBar.swift */,
				43E1EDBB2B475B9B00DF0978 /* ListingCarousel.swift */,
			);
			path = Components;
			sourceTree = "<group>";
		};
/* End PBXGroup section */

/* Begin PBXNativeTarget section */
		43E1ED952B474B8700DF0978 /* airbnb */ = {
			isa = PBXNativeTarget;
			buildConfigurationList = 43E1EDA42B474B8900DF0978 /* Build configuration list for PBXNativeTarget "airbnb" */;
			buildPhases = (
				43E1ED922B474B8700DF0978 /* Sources */,
				43E1ED932B474B8700DF0978 /* Frameworks */,
				43E1ED942B474B8700DF0978 /* Resources */,
			);
			buildRules = (
			);
			dependencies = (
			);
			name = airbnb;
			productName = airbnb;
			productReference = 43E1ED962B474B8700DF0978 /* airbnb.app */;
			productType = "com.apple.product-type.application";
		};
/* End PBXNativeTarget section */

/* Begin PBXProject section */
		43E1ED8E2B474B8700DF0978 /* Project object */ = {
			isa = PBXProject;
			attributes = {
				BuildIndependentTargetsInParallel = 1;
				LastSwiftUpdateCheck = 1430;
				LastUpgradeCheck = 1430;
				TargetAttributes = {
					43E1ED952B474B8700DF0978 = {
						CreatedOnToolsVersion = 14.3;
					};
				};
			};
			buildConfigurationList = 43E1ED912B474B8700DF0978 /* Build configuration list for PBXProject "airbnb" */;
			compatibilityVersion = "Xcode 14.0";
			developmentRegion = en;
			hasScannedForEncodings = 0;
			knownRegions = (
				en,
				Base,
			);
			mainGroup = 43E1ED8D2B474B8700DF0978;
			productRefGroup = 43E1ED972B474B8700DF0978 /* Products */;
			projectDirPath = "";
			projectRoot = "";
			targets = (
				43E1ED952B474B8700DF0978 /* airbnb */,
			);
		};
/* End PBXProject section */

/* Begin PBXResourcesBuildPhase section */
		43E1ED942B474B8700DF0978 /* Resources */ = {
			isa = PBXResourcesBuildPhase;
			buildActionMask = 2147483647;
			files = (
				4332E9D62B4C484300AA141C /* README.md in Resources */,
				43E1EDA12B474B8900DF0978 /* Preview Assets.xcassets in Resources */,
				43E1ED9E2B474B8900DF0978 /* Assets.xcassets in Resources */,
			);
			runOnlyForDeploymentPostprocessing = 0;
		};
/* End PBXResourcesBuildPhase section */

/* Begin PBXSourcesBuildPhase section */
		43E1ED922B474B8700DF0978 /* Sources */ = {
			isa = PBXSourcesBuildPhase;
			buildActionMask = 2147483647;
			files = (
				43E1ED9C2B474B8700DF0978 /* ContentView.swift in Sources */,
				439D5B6E2B4C52C000116470 /* ExploreService.swift in Sources */,
				4332E9CF2B4C340900AA141C /* ProfileView.swift in Sources */,
				4332E9D32B4C42C400AA141C /* BottomNavView.swift in Sources */,
				43E1EDB42B474E2500DF0978 /* ListingItem.swift in Sources */,
				4332E9D12B4C417900AA141C /* WishlistView.swift in Sources */,
				43E1EDB82B47564600DF0978 /* SearchBar.swift in Sources */,
				43E1EDB12B474D0500DF0978 /* ExploreView.swift in Sources */,
				435496172B48047300C6B296 /* SearchView.swift in Sources */,
				439D5B6B2B4C523800116470 /* ExploreViewModel.swift in Sources */,
				43E1EDBA2B475ADD00DF0978 /* ListingDetailView.swift in Sources */,
				43E1EDBC2B475B9B00DF0978 /* ListingCarousel.swift in Sources */,
				439D5B692B4C498F00116470 /* Listing.swift in Sources */,
				43E1ED9A2B474B8700DF0978 /* airbnbApp.swift in Sources */,
			);
			runOnlyForDeploymentPostprocessing = 0;
		};
/* End PBXSourcesBuildPhase section */

/* Begin XCBuildConfiguration section */
		43E1EDA22B474B8900DF0978 /* Debug */ = {
			isa = XCBuildConfiguration;
			buildSettings = {
				ALWAYS_SEARCH_USER_PATHS = NO;
				CLANG_ANALYZER_NONNULL = YES;
				CLANG_ANALYZER_NUMBER_OBJECT_CONVERSION = YES_AGGRESSIVE;
				CLANG_CXX_LANGUAGE_STANDARD = "gnu++20";
				CLANG_ENABLE_MODULES = YES;
				CLANG_ENABLE_OBJC_ARC = YES;
				CLANG_ENABLE_OBJC_WEAK = YES;
				CLANG_WARN_BLOCK_CAPTURE_AUTORELEASING = YES;
				CLANG_WARN_BOOL_CONVERSION = YES;
				CLANG_WARN_COMMA = YES;
				CLANG_WARN_CONSTANT_CONVERSION = YES;
				CLANG_WARN_DEPRECATED_OBJC_IMPLEMENTATIONS = YES;
				CLANG_WARN_DIRECT_OBJC_ISA_USAGE = YES_ERROR;
				CLANG_WARN_DOCUMENTATION_COMMENTS = YES;
				CLANG_WARN_EMPTY_BODY = YES;
				CLANG_WARN_ENUM_CONVERSION = YES;
				CLANG_WARN_INFINITE_RECURSION = YES;
				CLANG_WARN_INT_CONVERSION = YES;
				CLANG_WARN_NON_LITERAL_NULL_CONVERSION = YES;
				CLANG_WARN_OBJC_IMPLICIT_RETAIN_SELF = YES;
				CLANG_WARN_OBJC_LITERAL_CONVERSION = YES;
				CLANG_WARN_OBJC_ROOT_CLASS = YES_ERROR;
				CLANG_WARN_QUOTED_INCLUDE_IN_FRAMEWORK_HEADER = YES;
				CLANG_WARN_RANGE_LOOP_ANALYSIS = YES;
				CLANG_WARN_STRICT_PROTOTYPES = YES;
				CLANG_WARN_SUSPICIOUS_MOVE = YES;
				CLANG_WARN_UNGUARDED_AVAILABILITY = YES_AGGRESSIVE;
				CLANG_WARN_UNREACHABLE_CODE = YES;
				CLANG_WARN__DUPLICATE_METHOD_MATCH = YES;
				COPY_PHASE_STRIP = NO;
				DEBUG_INFORMATION_FORMAT = dwarf;
				ENABLE_STRICT_OBJC_MSGSEND = YES;
				ENABLE_TESTABILITY = YES;
				GCC_C_LANGUAGE_STANDARD = gnu11;
				GCC_DYNAMIC_NO_PIC = NO;
				GCC_NO_COMMON_BLOCKS = YES;
				GCC_OPTIMIZATION_LEVEL = 0;
				GCC_PREPROCESSOR_DEFINITIONS = (
					"DEBUG=1",
					"$(inherited)",
				);
				GCC_WARN_64_TO_32_BIT_CONVERSION = YES;
				GCC_WARN_ABOUT_RETURN_TYPE = YES_ERROR;
				GCC_WARN_UNDECLARED_SELECTOR = YES;
				GCC_WARN_UNINITIALIZED_AUTOS = YES_AGGRESSIVE;
				GCC_WARN_UNUSED_FUNCTION = YES;
				GCC_WARN_UNUSED_VARIABLE = YES;
				IPHONEOS_DEPLOYMENT_TARGET = 16.4;
				MTL_ENABLE_DEBUG_INFO = INCLUDE_SOURCE;
				MTL_FAST_MATH = YES;
				ONLY_ACTIVE_ARCH = YES;
				SDKROOT = iphoneos;
				SWIFT_ACTIVE_COMPILATION_CONDITIONS = DEBUG;
				SWIFT_OPTIMIZATION_LEVEL = "-Onone";
			};
			name = Debug;
		};
		43E1EDA32B474B8900DF0978 /* Release */ = {
			isa = XCBuildConfiguration;
			buildSettings = {
				ALWAYS_SEARCH_USER_PATHS = NO;
				CLANG_ANALYZER_NONNULL = YES;
				CLANG_ANALYZER_NUMBER_OBJECT_CONVERSION = YES_AGGRESSIVE;
				CLANG_CXX_LANGUAGE_STANDARD = "gnu++20";
				CLANG_ENABLE_MODULES = YES;
				CLANG_ENABLE_OBJC_ARC = YES;
				CLANG_ENABLE_OBJC_WEAK = YES;
				CLANG_WARN_BLOCK_CAPTURE_AUTORELEASING = YES;
				CLANG_WARN_BOOL_CONVERSION = YES;
				CLANG_WARN_COMMA = YES;
				CLANG_WARN_CONSTANT_CONVERSION = YES;
				CLANG_WARN_DEPRECATED_OBJC_IMPLEMENTATIONS = YES;
				CLANG_WARN_DIRECT_OBJC_ISA_USAGE = YES_ERROR;
				CLANG_WARN_DOCUMENTATION_COMMENTS = YES;
				CLANG_WARN_EMPTY_BODY = YES;
				CLANG_WARN_ENUM_CONVERSION = YES;
				CLANG_WARN_INFINITE_RECURSION = YES;
				CLANG_WARN_INT_CONVERSION = YES;
				CLANG_WARN_NON_LITERAL_NULL_CONVERSION = YES;
				CLANG_WARN_OBJC_IMPLICIT_RETAIN_SELF = YES;
				CLANG_WARN_OBJC_LITERAL_CONVERSION = YES;
				CLANG_WARN_OBJC_ROOT_CLASS = YES_ERROR;
				CLANG_WARN_QUOTED_INCLUDE_IN_FRAMEWORK_HEADER = YES;
				CLANG_WARN_RANGE_LOOP_ANALYSIS = YES;
				CLANG_WARN_STRICT_PROTOTYPES = YES;
				CLANG_WARN_SUSPICIOUS_MOVE = YES;
				CLANG_WARN_UNGUARDED_AVAILABILITY = YES_AGGRESSIVE;
				CLANG_WARN_UNREACHABLE_CODE = YES;
				CLANG_WARN__DUPLICATE_METHOD_MATCH = YES;
				COPY_PHASE_STRIP = NO;
				DEBUG_INFORMATION_FORMAT = "dwarf-with-dsym";
				ENABLE_NS_ASSERTIONS = NO;
				ENABLE_STRICT_OBJC_MSGSEND = YES;
				GCC_C_LANGUAGE_STANDARD = gnu11;
				GCC_NO_COMMON_BLOCKS = YES;
				GCC_WARN_64_TO_32_BIT_CONVERSION = YES;
				GCC_WARN_ABOUT_RETURN_TYPE = YES_ERROR;
				GCC_WARN_UNDECLARED_SELECTOR = YES;
				GCC_WARN_UNINITIALIZED_AUTOS = YES_AGGRESSIVE;
				GCC_WARN_UNUSED_FUNCTION = YES;
				GCC_WARN_UNUSED_VARIABLE = YES;
				IPHONEOS_DEPLOYMENT_TARGET = 16.4;
				MTL_ENABLE_DEBUG_INFO = NO;
				MTL_FAST_MATH = YES;
				SDKROOT = iphoneos;
				SWIFT_COMPILATION_MODE = wholemodule;
				SWIFT_OPTIMIZATION_LEVEL = "-O";
				VALIDATE_PRODUCT = YES;
			};
			name = Release;
		};
		43E1EDA52B474B8900DF0978 /* Debug */ = {
			isa = XCBuildConfiguration;
			buildSettings = {
				ASSETCATALOG_COMPILER_APPICON_NAME = AppIcon;
				ASSETCATALOG_COMPILER_GLOBAL_ACCENT_COLOR_NAME = AccentColor;
				CODE_SIGN_STYLE = Automatic;
				CURRENT_PROJECT_VERSION = 1;
				DEVELOPMENT_ASSET_PATHS = "\"airbnb/Preview Content\"";
				DEVELOPMENT_TEAM = LA8HRC648H;
				ENABLE_PREVIEWS = YES;
				GENERATE_INFOPLIST_FILE = YES;
				INFOPLIST_KEY_UIApplicationSceneManifest_Generation = YES;
				INFOPLIST_KEY_UIApplicationSupportsIndirectInputEvents = YES;
				INFOPLIST_KEY_UILaunchScreen_Generation = YES;
				INFOPLIST_KEY_UISupportedInterfaceOrientations_iPad = "UIInterfaceOrientationPortrait UIInterfaceOrientationPortraitUpsideDown UIInterfaceOrientationLandscapeLeft UIInterfaceOrientationLandscapeRight";
				INFOPLIST_KEY_UISupportedInterfaceOrientations_iPhone = "UIInterfaceOrientationPortrait UIInterfaceOrientationLandscapeLeft UIInterfaceOrientationLandscapeRight";
				LD_RUNPATH_SEARCH_PATHS = (
					"$(inherited)",
					"@executable_path/Frameworks",
				);
				MARKETING_VERSION = 1.0;
				PRODUCT_BUNDLE_IDENTIFIER = com.dotsehyde.airbnb;
				PRODUCT_NAME = "$(TARGET_NAME)";
				SWIFT_EMIT_LOC_STRINGS = YES;
				SWIFT_VERSION = 5.0;
				TARGETED_DEVICE_FAMILY = "1,2";
			};
			name = Debug;
		};
		43E1EDA62B474B8900DF0978 /* Release */ = {
			isa = XCBuildConfiguration;
			buildSettings = {
				ASSETCATALOG_COMPILER_APPICON_NAME = AppIcon;
				ASSETCATALOG_COMPILER_GLOBAL_ACCENT_COLOR_NAME = AccentColor;
				CODE_SIGN_STYLE = Automatic;
				CURRENT_PROJECT_VERSION = 1;
				DEVELOPMENT_ASSET_PATHS = "\"airbnb/Preview Content\"";
				DEVELOPMENT_TEAM = LA8HRC648H;
				ENABLE_PREVIEWS = YES;
				GENERATE_INFOPLIST_FILE = YES;
				INFOPLIST_KEY_UIApplicationSceneManifest_Generation = YES;
				INFOPLIST_KEY_UIApplicationSupportsIndirectInputEvents = YES;
				INFOPLIST_KEY_UILaunchScreen_Generation = YES;
				INFOPLIST_KEY_UISupportedInterfaceOrientations_iPad = "UIInterfaceOrientationPortrait UIInterfaceOrientationPortraitUpsideDown UIInterfaceOrientationLandscapeLeft UIInterfaceOrientationLandscapeRight";
				INFOPLIST_KEY_UISupportedInterfaceOrientations_iPhone = "UIInterfaceOrientationPortrait UIInterfaceOrientationLandscapeLeft UIInterfaceOrientationLandscapeRight";
				LD_RUNPATH_SEARCH_PATHS = (
					"$(inherited)",
					"@executable_path/Frameworks",
				);
				MARKETING_VERSION = 1.0;
				PRODUCT_BUNDLE_IDENTIFIER = com.dotsehyde.airbnb;
				PRODUCT_NAME = "$(TARGET_NAME)";
				SWIFT_EMIT_LOC_STRINGS = YES;
				SWIFT_VERSION = 5.0;
				TARGETED_DEVICE_FAMILY = "1,2";
			};
			name = Release;
		};
/* End XCBuildConfiguration section */

/* Begin XCConfigurationList section */
		43E1ED912B474B8700DF0978 /* Build configuration list for PBXProject "airbnb" */ = {
			isa = XCConfigurationList;
			buildConfigurations = (
				43E1EDA22B474B8900DF0978 /* Debug */,
				43E1EDA32B474B8900DF0978 /* Release */,
			);
			defaultConfigurationIsVisible = 0;
			defaultConfigurationName = Release;
		};
		43E1EDA42B474B8900DF0978 /* Build configuration list for PBXNativeTarget "airbnb" */ = {
			isa = XCConfigurationList;
			buildConfigurations = (
				43E1EDA52B474B8900DF0978 /* Debug */,
				43E1EDA62B474B8900DF0978 /* Release */,
			);
			defaultConfigurationIsVisible = 0;
			defaultConfigurationName = Release;
		};
/* End XCConfigurationList section */
	};
	rootObject = 43E1ED8E2B474B8700DF0978 /* Project object */;
}
